# Generated by pub
# See https://dart.dev/tools/pub/glossary#lockfile
packages:
  archive:
    dependency: transitive
    description:
      name: archive
      sha256: "0c8368c9b3f0abbc193b9d6133649a614204b528982bebc7026372d61677ce3a"
      url: "https://pub.dev"
    source: hosted
    version: "3.3.7"
  args:
    dependency: transitive
    description:
      name: args
      sha256: c372bb384f273f0c2a8aaaa226dad84dc27c8519a691b888725dec59518ad53a
      url: "https://pub.dev"
    source: hosted
    version: "2.4.1"
  async:
    dependency: transitive
    description:
      name: async
      sha256: "947bfcf187f74dbc5e146c9eb9c0f10c9f8b30743e341481c1e2ed3ecc18c20c"
      url: "https://pub.dev"
    source: hosted
    version: "2.11.0"
  bitsdojo_window:
    dependency: "direct main"
    description:
      name: bitsdojo_window
      sha256: "1118bc1cd16e6f358431ca4473af57cc1b287d2ceab46dfab6d59a9463160622"
      url: "https://pub.dev"
    source: hosted
    version: "0.1.5"
  bitsdojo_window_linux:
    dependency: transitive
    description:
      name: bitsdojo_window_linux
      sha256: d3804a30315fcbb43b28acc86d1180ce0be22c0c738ad2da9e5ade4d8dbd9655
      url: "https://pub.dev"
    source: hosted
    version: "0.1.3"
  bitsdojo_window_macos:
    dependency: transitive
    description:
      name: bitsdojo_window_macos
      sha256: d2a9886c74516c5b84c1dd65ab8ee5d1c52055b265ebf0e7d664dee28366b521
      url: "https://pub.dev"
    source: hosted
    version: "0.1.3"
  bitsdojo_window_platform_interface:
    dependency: transitive
    description:
      name: bitsdojo_window_platform_interface
      sha256: "65daa015a0c6dba749bdd35a0f092e7a8ba8b0766aa0480eb3ef808086f6e27c"
      url: "https://pub.dev"
    source: hosted
    version: "0.1.2"
  bitsdojo_window_windows:
    dependency: transitive
    description:
      name: bitsdojo_window_windows
      sha256: "8766a40aac84a6d7bdcaa716b24997e028fc9a9a1800495fc031721fd5a22ed0"
      url: "https://pub.dev"
    source: hosted
    version: "0.1.5"
  boolean_selector:
    dependency: transitive
    description:
      name: boolean_selector
      sha256: "6cfb5af12253eaf2b368f07bacc5a80d1301a071c73360d746b7f2e32d762c66"
      url: "https://pub.dev"
    source: hosted
    version: "2.1.1"
  build_cli_annotations:
    dependency: transitive
    description:
      name: build_cli_annotations
      sha256: b59d2769769efd6c9ff6d4c4cede0be115a566afc591705c2040b707534b1172
      url: "https://pub.dev"
    source: hosted
    version: "2.1.0"
  change_app_package_name:
    dependency: "direct dev"
    description:
      name: change_app_package_name
      sha256: f9ebaf68a4b5a68c581492579bb68273c523ef325fbf9ce2f1b57fb136ad023b
      url: "https://pub.dev"
    source: hosted
    version: "1.1.0"
  characters:
    dependency: transitive
    description:
      name: characters
      sha256: "04a925763edad70e8443c99234dc3328f442e811f1d8fd1a72f1c8ad0f69a605"
      url: "https://pub.dev"
    source: hosted
    version: "1.3.0"
  checked_yaml:
    dependency: transitive
    description:
      name: checked_yaml
      sha256: feb6bed21949061731a7a75fc5d2aa727cf160b91af9a3e464c5e3a32e28b5ff
      url: "https://pub.dev"
    source: hosted
    version: "2.0.3"
  cli_util:
    dependency: transitive
    description:
      name: cli_util
      sha256: "66f86e916d285c1a93d3b79587d94bd71984a66aac4ff74e524cfa7877f1395c"
      url: "https://pub.dev"
    source: hosted
    version: "0.3.5"
  clock:
    dependency: transitive
    description:
      name: clock
      sha256: cb6d7f03e1de671e34607e909a7213e31d7752be4fb66a86d29fe1eb14bfb5cf
      url: "https://pub.dev"
    source: hosted
    version: "1.1.1"
  collection:
    dependency: transitive
    description:
      name: collection
      sha256: "4a07be6cb69c84d677a6c3096fcf960cc3285a8330b4603e0d463d15d9bd934c"
      url: "https://pub.dev"
    source: hosted
    version: "1.17.1"
  colorize:
    dependency: transitive
    description:
      name: colorize
      sha256: "584746cd6ba1cba0633b6720f494fe6f9601c4170f0666c1579d2aa2a61071ba"
      url: "https://pub.dev"
    source: hosted
    version: "3.0.0"
  connectivity_plus:
    dependency: transitive
    description:
      name: connectivity_plus
      sha256: "3f8fe4e504c2d33696dac671a54909743bc6a902a9bb0902306f7a2aed7e528e"
      url: "https://pub.dev"
    source: hosted
    version: "2.3.9"
  connectivity_plus_linux:
    dependency: transitive
    description:
      name: connectivity_plus_linux
      sha256: "3caf859d001f10407b8e48134c761483e4495ae38094ffcca97193f6c271f5e2"
      url: "https://pub.dev"
    source: hosted
    version: "1.3.1"
  connectivity_plus_macos:
    dependency: transitive
    description:
      name: connectivity_plus_macos
      sha256: "488d2de1e47e1224ad486e501b20b088686ba1f4ee9c4420ecbc3b9824f0b920"
      url: "https://pub.dev"
    source: hosted
    version: "1.2.6"
  connectivity_plus_platform_interface:
    dependency: transitive
    description:
      name: connectivity_plus_platform_interface
      sha256: cf1d1c28f4416f8c654d7dc3cd638ec586076255d407cef3ddbdaf178272a71a
      url: "https://pub.dev"
    source: hosted
    version: "1.2.4"
  connectivity_plus_web:
    dependency: transitive
    description:
      name: connectivity_plus_web
      sha256: "81332be1b4baf8898fed17bb4fdef27abb7c6fd990bf98c54fd978478adf2f1a"
      url: "https://pub.dev"
    source: hosted
    version: "1.2.5"
  connectivity_plus_windows:
    dependency: transitive
    description:
      name: connectivity_plus_windows
      sha256: "535b0404b4d5605c4dd8453d67e5d6d2ea0dd36e3b477f50f31af51b0aeab9dd"
      url: "https://pub.dev"
    source: hosted
    version: "1.2.2"
  convert:
    dependency: transitive
    description:
      name: convert
      sha256: "0f08b14755d163f6e2134cb58222dd25ea2a2ee8a195e53983d57c075324d592"
      url: "https://pub.dev"
    source: hosted
    version: "3.1.1"
  crypto:
    dependency: transitive
    description:
      name: crypto
      sha256: ff625774173754681d66daaf4a448684fb04b78f902da9cb3d308c19cc5e8bab
      url: "https://pub.dev"
    source: hosted
    version: "3.0.3"
  csv:
    dependency: transitive
    description:
      name: csv
      sha256: "016b31a51a913744a0a1655c74ff13c9379e1200e246a03d96c81c5d9ed297b5"
      url: "https://pub.dev"
    source: hosted
    version: "5.0.2"
  dbus:
    dependency: transitive
    description:
      name: dbus
      sha256: "6f07cba3f7b3448d42d015bfd3d53fe12e5b36da2423f23838efc1d5fb31a263"
      url: "https://pub.dev"
    source: hosted
    version: "0.7.8"
  easy_localization:
    dependency: "direct main"
    description:
      name: easy_localization
      sha256: "30ebf25448ffe169e0bd9bc4b5da94faa8398967a2ad2ca09f438be8b6953645"
      url: "https://pub.dev"
    source: hosted
    version: "3.0.2"
  easy_localization_loader:
    dependency: "direct main"
    description:
      name: easy_localization_loader
      sha256: "89e70b2516123d639e8e68b8dd08fc07c8b83b0cfee17c642165e7e8807ebc86"
      url: "https://pub.dev"
    source: hosted
    version: "1.0.1+1"
  easy_logger:
    dependency: transitive
    description:
      name: easy_logger
      sha256: c764a6e024846f33405a2342caf91c62e357c24b02c04dbc712ef232bf30ffb7
      url: "https://pub.dev"
    source: hosted
    version: "0.0.2"
  fake_async:
    dependency: transitive
    description:
      name: fake_async
      sha256: "511392330127add0b769b75a987850d136345d9227c6b94c96a04cf4a391bf78"
      url: "https://pub.dev"
    source: hosted
    version: "1.3.1"
  ffi:
    dependency: "direct main"
    description:
      name: ffi
      sha256: ed5337a5660c506388a9f012be0288fb38b49020ce2b45fe1f8b8323fe429f99
      url: "https://pub.dev"
    source: hosted
    version: "2.0.2"
  ffigen:
    dependency: "direct dev"
    description:
      name: ffigen
      sha256: "2f2f40265aae76d966164c3d53bfcbbeb73bc97f0ec2966032ac5e971bb3f20a"
      url: "https://pub.dev"
    source: hosted
    version: "7.2.7"
  file:
    dependency: transitive
    description:
      name: file
      sha256: "1b92bec4fc2a72f59a8e15af5f52cd441e4a7860b49499d69dfa817af20e925d"
      url: "https://pub.dev"
    source: hosted
    version: "6.1.4"
  flutter:
    dependency: "direct main"
    description: flutter
    source: sdk
    version: "0.0.0"
  flutter_launcher_icons:
    dependency: "direct dev"
    description:
      name: flutter_launcher_icons
      sha256: ce0e501cfc258907842238e4ca605e74b7fd1cdf04b3b43e86c43f3e40a1592c
      url: "https://pub.dev"
    source: hosted
    version: "0.11.0"
  flutter_lints:
    dependency: "direct dev"
    description:
      name: flutter_lints
      sha256: aeb0b80a8b3709709c9cc496cdc027c5b3216796bc0af0ce1007eaf24464fd4c
      url: "https://pub.dev"
    source: hosted
    version: "2.0.1"
  flutter_localizations:
    dependency: transitive
    description: flutter
    source: sdk
    version: "0.0.0"
  flutter_rust_bridge:
    dependency: "direct main"
    description:
      name: flutter_rust_bridge
      sha256: "36e11b79ac7011d9203313468c5827fe1215b0fa03df384cfe2891a68ed74ed5"
      url: "https://pub.dev"
    source: hosted
    version: "1.75.3"
  flutter_test:
    dependency: "direct dev"
    description: flutter
    source: sdk
    version: "0.0.0"
  flutter_web_plugins:
    dependency: transitive
    description: flutter
    source: sdk
    version: "0.0.0"
  glob:
    dependency: transitive
    description:
      name: glob
      sha256: "0e7014b3b7d4dac1ca4d6114f82bf1782ee86745b9b42a92c9289c23d8a0ab63"
      url: "https://pub.dev"
    source: hosted
    version: "2.1.2"
  http:
    dependency: transitive
    description:
      name: http
      sha256: "5895291c13fa8a3bd82e76d5627f69e0d85ca6a30dcac95c4ea19a5d555879c2"
      url: "https://pub.dev"
    source: hosted
    version: "0.13.6"
  http_parser:
    dependency: transitive
    description:
      name: http_parser
      sha256: "2aa08ce0341cc9b354a498388e30986515406668dbcc4f7c950c3e715496693b"
      url: "https://pub.dev"
    source: hosted
    version: "4.0.2"
  image:
    dependency: transitive
    description:
      name: image
      sha256: "8e9d133755c3e84c73288363e6343157c383a0c6c56fc51afcc5d4d7180306d6"
      url: "https://pub.dev"
    source: hosted
    version: "3.3.0"
  intl:
    dependency: transitive
    description:
      name: intl
      sha256: a3715e3bc90294e971cb7dc063fbf3cd9ee0ebf8604ffeafabd9e6f16abbdbe6
      url: "https://pub.dev"
    source: hosted
    version: "0.18.0"
  js:
    dependency: transitive
    description:
      name: js
      sha256: f2c445dce49627136094980615a031419f7f3eb393237e4ecd97ac15dea343f3
      url: "https://pub.dev"
    source: hosted
    version: "0.6.7"
  json_annotation:
    dependency: transitive
    description:
      name: json_annotation
      sha256: b10a7b2ff83d83c777edba3c6a0f97045ddadd56c944e1a23a3fdf43a1bf4467
      url: "https://pub.dev"
    source: hosted
    version: "4.8.1"
  lints:
    dependency: transitive
    description:
      name: lints
      sha256: "6b0206b0bf4f04961fc5438198ccb3a885685cd67d4d4a32cc20ad7f8adbe015"
      url: "https://pub.dev"
    source: hosted
    version: "2.1.0"
  logging:
    dependency: transitive
    description:
      name: logging
      sha256: "04094f2eb032cbb06c6f6e8d3607edcfcb0455e2bb6cbc010cb01171dcb64e6d"
      url: "https://pub.dev"
    source: hosted
    version: "1.1.1"
  matcher:
    dependency: transitive
    description:
      name: matcher
      sha256: "6501fbd55da300384b768785b83e5ce66991266cec21af89ab9ae7f5ce1c4cbb"
      url: "https://pub.dev"
    source: hosted
    version: "0.12.15"
  material_color_utilities:
    dependency: transitive
    description:
      name: material_color_utilities
      sha256: d92141dc6fe1dad30722f9aa826c7fbc896d021d792f80678280601aff8cf724
      url: "https://pub.dev"
    source: hosted
    version: "0.2.0"
  messagepack:
    dependency: "direct main"
    description:
      name: messagepack
      sha256: "11e69dd79ba84ba901261558881b42ac8b24155a7846a344875a32c8b0866d71"
      url: "https://pub.dev"
    source: hosted
    version: "0.2.1"
  meta:
    dependency: "direct main"
    description:
      name: meta
      sha256: "3c74dbf8763d36539f114c799d8a2d87343b5067e9d796ca22b5eb8437090ee3"
      url: "https://pub.dev"
    source: hosted
    version: "1.9.1"
  mime:
    dependency: transitive
    description:
      name: mime
      sha256: e4ff8e8564c03f255408decd16e7899da1733852a9110a58fe6d1b817684a63e
      url: "https://pub.dev"
    source: hosted
    version: "1.0.4"
  nm:
    dependency: transitive
    description:
      name: nm
      sha256: "2c9aae4127bdc8993206464fcc063611e0e36e72018696cd9631023a31b24254"
      url: "https://pub.dev"
    source: hosted
    version: "0.5.0"
  package_config:
    dependency: transitive
    description:
      name: package_config
      sha256: "1c5b77ccc91e4823a5af61ee74e6b972db1ef98c2ff5a18d3161c982a55448bd"
      url: "https://pub.dev"
    source: hosted
    version: "2.1.0"
  path:
    dependency: transitive
    description:
      name: path
      sha256: "8829d8a55c13fc0e37127c29fedf290c102f4e40ae94ada574091fe0ff96c917"
      url: "https://pub.dev"
    source: hosted
    version: "1.8.3"
  path_provider:
    dependency: transitive
    description:
      name: path_provider
      sha256: "3087813781ab814e4157b172f1a11c46be20179fcc9bea043e0fba36bc0acaa2"
      url: "https://pub.dev"
    source: hosted
    version: "2.0.15"
  path_provider_android:
    dependency: transitive
    description:
      name: path_provider_android
      sha256: "2cec049d282c7f13c594b4a73976b0b4f2d7a1838a6dd5aaf7bd9719196bee86"
      url: "https://pub.dev"
    source: hosted
    version: "2.0.27"
  path_provider_foundation:
    dependency: transitive
    description:
      name: path_provider_foundation
      sha256: "1995d88ec2948dac43edf8fe58eb434d35d22a2940ecee1a9fefcd62beee6eb3"
      url: "https://pub.dev"
    source: hosted
    version: "2.2.3"
  path_provider_linux:
    dependency: transitive
    description:
      name: path_provider_linux
      sha256: "2ae08f2216225427e64ad224a24354221c2c7907e448e6e0e8b57b1eb9f10ad1"
      url: "https://pub.dev"
    source: hosted
    version: "2.1.10"
  path_provider_platform_interface:
    dependency: transitive
    description:
      name: path_provider_platform_interface
      sha256: "57585299a729335f1298b43245842678cb9f43a6310351b18fb577d6e33165ec"
      url: "https://pub.dev"
    source: hosted
    version: "2.0.6"
  path_provider_windows:
    dependency: transitive
    description:
      name: path_provider_windows
      sha256: d3f80b32e83ec208ac95253e0cd4d298e104fbc63cb29c5c69edaed43b0c69d6
      url: "https://pub.dev"
    source: hosted
    version: "2.1.6"
  petitparser:
    dependency: transitive
    description:
      name: petitparser
      sha256: cb3798bef7fc021ac45b308f4b51208a152792445cce0448c9a4ba5879dd8750
      url: "https://pub.dev"
    source: hosted
    version: "5.4.0"
  platform:
    dependency: transitive
    description:
      name: platform
      sha256: "4a451831508d7d6ca779f7ac6e212b4023dd5a7d08a27a63da33756410e32b76"
      url: "https://pub.dev"
    source: hosted
    version: "3.1.0"
  plugin_platform_interface:
    dependency: transitive
    description:
      name: plugin_platform_interface
      sha256: "6a2128648c854906c53fa8e33986fc0247a1116122f9534dd20e3ab9e16a32bc"
      url: "https://pub.dev"
    source: hosted
    version: "2.1.4"
  pointycastle:
    dependency: transitive
    description:
      name: pointycastle
      sha256: "7c1e5f0d23c9016c5bbd8b1473d0d3fb3fc851b876046039509e18e0c7485f2c"
      url: "https://pub.dev"
    source: hosted
    version: "3.7.3"
  pool:
    dependency: transitive
    description:
      name: pool
      sha256: "20fe868b6314b322ea036ba325e6fc0711a22948856475e2c2b6306e8ab39c2a"
      url: "https://pub.dev"
    source: hosted
    version: "1.5.1"
  process:
    dependency: transitive
    description:
      name: process
      sha256: "53fd8db9cec1d37b0574e12f07520d582019cb6c44abf5479a01505099a34a09"
      url: "https://pub.dev"
    source: hosted
    version: "4.2.4"
  puppeteer:
    dependency: transitive
    description:
      name: puppeteer
      sha256: dd49117259867d0ce0de33ddd95628fb70cff94581a6432c08272447b8dd1d27
      url: "https://pub.dev"
    source: hosted
    version: "2.24.0"
  quiver:
    dependency: transitive
    description:
      name: quiver
      sha256: b1c1ac5ce6688d77f65f3375a9abb9319b3cb32486bdc7a1e0fdf004d7ba4e47
      url: "https://pub.dev"
    source: hosted
    version: "3.2.1"
  shared_preferences:
    dependency: transitive
    description:
      name: shared_preferences
      sha256: "16d3fb6b3692ad244a695c0183fca18cf81fd4b821664394a781de42386bf022"
      url: "https://pub.dev"
    source: hosted
    version: "2.1.1"
  shared_preferences_android:
    dependency: transitive
    description:
      name: shared_preferences_android
      sha256: "6478c6bbbecfe9aced34c483171e90d7c078f5883558b30ec3163cf18402c749"
      url: "https://pub.dev"
    source: hosted
    version: "2.1.4"
  shared_preferences_foundation:
    dependency: transitive
    description:
      name: shared_preferences_foundation
      sha256: e014107bb79d6d3297196f4f2d0db54b5d1f85b8ea8ff63b8e8b391a02700feb
      url: "https://pub.dev"
    source: hosted
    version: "2.2.2"
  shared_preferences_linux:
    dependency: transitive
    description:
      name: shared_preferences_linux
      sha256: "9d387433ca65717bbf1be88f4d5bb18f10508917a8fa2fb02e0fd0d7479a9afa"
      url: "https://pub.dev"
    source: hosted
    version: "2.2.0"
  shared_preferences_platform_interface:
    dependency: transitive
    description:
      name: shared_preferences_platform_interface
      sha256: fb5cf25c0235df2d0640ac1b1174f6466bd311f621574997ac59018a6664548d
      url: "https://pub.dev"
    source: hosted
    version: "2.2.0"
  shared_preferences_web:
    dependency: transitive
    description:
      name: shared_preferences_web
      sha256: "74083203a8eae241e0de4a0d597dbedab3b8fef5563f33cf3c12d7e93c655ca5"
      url: "https://pub.dev"
    source: hosted
    version: "2.1.0"
  shared_preferences_windows:
    dependency: transitive
    description:
      name: shared_preferences_windows
      sha256: "5e588e2efef56916a3b229c3bfe81e6a525665a454519ca51dbcc4236a274173"
      url: "https://pub.dev"
    source: hosted
    version: "2.2.0"
  shelf:
    dependency: transitive
    description:
      name: shelf
      sha256: ad29c505aee705f41a4d8963641f91ac4cee3c8fad5947e033390a7bd8180fa4
      url: "https://pub.dev"
    source: hosted
    version: "1.4.1"
  shelf_static:
    dependency: transitive
    description:
      name: shelf_static
      sha256: a41d3f53c4adf0f57480578c1d61d90342cd617de7fc8077b1304643c2d85c1e
      url: "https://pub.dev"
    source: hosted
    version: "1.1.2"
  shelf_web_socket:
    dependency: transitive
    description:
      name: shelf_web_socket
      sha256: "9ca081be41c60190ebcb4766b2486a7d50261db7bd0f5d9615f2d653637a84c1"
      url: "https://pub.dev"
    source: hosted
    version: "1.0.4"
  sky_engine:
    dependency: transitive
    description: flutter
    source: sdk
    version: "0.0.99"
  source_span:
    dependency: transitive
    description:
      name: source_span
      sha256: dd904f795d4b4f3b870833847c461801f6750a9fa8e61ea5ac53f9422b31f250
      url: "https://pub.dev"
    source: hosted
    version: "1.9.1"
  stack_trace:
    dependency: transitive
    description:
      name: stack_trace
      sha256: c3c7d8edb15bee7f0f74debd4b9c5f3c2ea86766fe4178eb2a18eb30a0bdaed5
      url: "https://pub.dev"
    source: hosted
    version: "1.11.0"
  stream_channel:
    dependency: transitive
    description:
      name: stream_channel
      sha256: "83615bee9045c1d322bbbd1ba209b7a749c2cbcdcb3fdd1df8eb488b3279c1c8"
      url: "https://pub.dev"
    source: hosted
    version: "2.1.1"
  string_scanner:
    dependency: transitive
    description:
      name: string_scanner
      sha256: "556692adab6cfa87322a115640c11f13cb77b3f076ddcc5d6ae3c20242bedcde"
      url: "https://pub.dev"
    source: hosted
    version: "1.2.0"
  term_glyph:
    dependency: transitive
    description:
      name: term_glyph
      sha256: a29248a84fbb7c79282b40b8c72a1209db169a2e0542bce341da992fe1bc7e84
      url: "https://pub.dev"
    source: hosted
    version: "1.2.1"
  test_api:
    dependency: transitive
    description:
      name: test_api
      sha256: eb6ac1540b26de412b3403a163d919ba86f6a973fe6cc50ae3541b80092fdcfb
      url: "https://pub.dev"
    source: hosted
    version: "0.5.1"
  tuple:
    dependency: transitive
    description:
      name: tuple
      sha256: "0ea99cd2f9352b2586583ab2ce6489d1f95a5f6de6fb9492faaf97ae2060f0aa"
      url: "https://pub.dev"
    source: hosted
    version: "2.0.1"
  typed_data:
    dependency: transitive
    description:
      name: typed_data
      sha256: facc8d6582f16042dd49f2463ff1bd6e2c9ef9f3d5da3d9b087e244a7b564b3c
      url: "https://pub.dev"
    source: hosted
    version: "1.3.2"
  uuid:
    dependency: "direct main"
    description:
      name: uuid
      sha256: "648e103079f7c64a36dc7d39369cabb358d377078a051d6ae2ad3aa539519313"
      url: "https://pub.dev"
    source: hosted
    version: "3.0.7"
  vector_math:
    dependency: transitive
    description:
      name: vector_math
      sha256: "80b3257d1492ce4d091729e3a67a60407d227c27241d6927be0130c98e741803"
      url: "https://pub.dev"
    source: hosted
    version: "2.1.4"
  web_socket_channel:
    dependency: transitive
    description:
      name: web_socket_channel
      sha256: d88238e5eac9a42bb43ca4e721edba3c08c6354d4a53063afaa568516217621b
      url: "https://pub.dev"
    source: hosted
    version: "2.4.0"
  win32:
    dependency: transitive
    description:
      name: win32
      sha256: a6f0236dbda0f63aa9a25ad1ff9a9d8a4eaaa5012da0dc59d21afdb1dc361ca4
      url: "https://pub.dev"
    source: hosted
    version: "3.1.4"
  xdg_directories:
    dependency: transitive
    description:
      name: xdg_directories
      sha256: ee1505df1426458f7f60aac270645098d318a8b4766d85fde75f76f2e21807d1
      url: "https://pub.dev"
    source: hosted
    version: "1.0.0"
  xml:
    dependency: transitive
    description:
      name: xml
      sha256: "5bc72e1e45e941d825fd7468b9b4cc3b9327942649aeb6fc5cdbf135f0a86e84"
      url: "https://pub.dev"
    source: hosted
    version: "6.3.0"
  yaml:
    dependency: transitive
    description:
      name: yaml
      sha256: "75769501ea3489fca56601ff33454fe45507ea3bfb014161abc3b43ae25989d5"
      url: "https://pub.dev"
    source: hosted
    version: "3.1.2"
  yaml_edit:
    dependency: transitive
    description:
      name: yaml_edit
      sha256: "1579d4a0340a83cf9e4d580ea51a16329c916973bffd5bd4b45e911b25d46bfd"
      url: "https://pub.dev"
    source: hosted
    version: "2.1.1"
sdks:
  dart: ">=3.0.0-417 <4.0.0"
  flutter: ">=3.3.0"
